// !$*UTF8*$!
{
	archiveVersion = 1;
	classes = {
	};
	objectVersion = 77;
	objects = {

/* Begin PBXBuildFile section */
		A10000000000000000000001 /* App.swift in Sources */ = {isa = PBXBuildFile; fileRef = A10000000000000000000011 /* App.swift */; };
		A10000000000000000000002 /* ScanModels.swift in Sources */ = {isa = PBXBuildFile; fileRef = A10000000000000000000012 /* ScanModels.swift */; };
		A10000000000000000000003 /* CleanerService.swift in Sources */ = {isa = PBXBuildFile; fileRef = A10000000000000000000013 /* CleanerService.swift */; };
		A10000000000000000000004 /* NotificationService.swift in Sources */ = {isa = PBXBuildFile; fileRef = A10000000000000000000014 /* NotificationService.swift */; };
		A10000000000000000000005 /* ScannerService.swift in Sources */ = {isa = PBXBuildFile; fileRef = A10000000000000000000015 /* ScannerService.swift */; };
		A10000000000000000000006 /* SettingsStore.swift in Sources */ = {isa = PBXBuildFile; fileRef = A10000000000000000000016 /* SettingsStore.swift */; };
		A10000000000000000000007 /* DirectorySizer.swift in Sources */ = {isa = PBXBuildFile; fileRef = A10000000000000000000017 /* DirectorySizer.swift */; };
		A10000000000000000000008 /* FileSizeFormatter.swift in Sources */ = {isa = PBXBuildFile; fileRef = A10000000000000000000018 /* FileSizeFormatter.swift */; };
		A10000000000000000000009 /* DashboardView.swift in Sources */ = {isa = PBXBuildFile; fileRef = A10000000000000000000019 /* DashboardView.swift */; };
		A10000000000000000000028 /* Assets.xcassets in Resources */ = {isa = PBXBuildFile; fileRef = A10000000000000000000029 /* Assets.xcassets */; };
		A1000000000000000000002B /* AppState.swift in Sources */ = {isa = PBXBuildFile; fileRef = A1000000000000000000002C /* AppState.swift */; };
/* End PBXBuildFile section */

/* Begin PBXFileReference section */
		A1000000000000000000000A /* MacSlimManager.app */ = {isa = PBXFileReference; explicitFileType = wrapper.application; includeInIndex = 0; path = MacSlimManager.app; sourceTree = BUILT_PRODUCTS_DIR; };
		A1000000000000000000000B /* Info.plist */ = {isa = PBXFileReference; lastKnownFileType = text.plist.xml; path = AppProject/Info.plist; sourceTree = "<group>"; };
		A1000000000000000000002A /* MacSlimManager.entitlements */ = {isa = PBXFileReference; lastKnownFileType = text.plist.entitlements; path = AppProject/MacSlimManager.entitlements; sourceTree = "<group>"; };
		A10000000000000000000011 /* App.swift */ = {isa = PBXFileReference; lastKnownFileType = sourcecode.swift; path = Sources/MacSlimManager/App.swift; sourceTree = "<group>"; };
		A10000000000000000000012 /* ScanModels.swift */ = {isa = PBXFileReference; lastKnownFileType = sourcecode.swift; path = Sources/MacSlimManager/Models/ScanModels.swift; sourceTree = "<group>"; };
		A10000000000000000000013 /* CleanerService.swift */ = {isa = PBXFileReference; lastKnownFileType = sourcecode.swift; path = Sources/MacSlimManager/Services/CleanerService.swift; sourceTree = "<group>"; };
		A10000000000000000000014 /* NotificationService.swift */ = {isa = PBXFileReference; lastKnownFileType = sourcecode.swift; path = Sources/MacSlimManager/Services/NotificationService.swift; sourceTree = "<group>"; };
		A10000000000000000000015 /* ScannerService.swift */ = {isa = PBXFileReference; lastKnownFileType = sourcecode.swift; path = Sources/MacSlimManager/Services/ScannerService.swift; sourceTree = "<group>"; };
		A10000000000000000000016 /* SettingsStore.swift */ = {isa = PBXFileReference; lastKnownFileType = sourcecode.swift; path = Sources/MacSlimManager/Services/SettingsStore.swift; sourceTree = "<group>"; };
		A10000000000000000000017 /* DirectorySizer.swift */ = {isa = PBXFileReference; lastKnownFileType = sourcecode.swift; path = Sources/MacSlimManager/Utilities/DirectorySizer.swift; sourceTree = "<group>"; };
		A10000000000000000000018 /* FileSizeFormatter.swift */ = {isa = PBXFileReference; lastKnownFileType = sourcecode.swift; path = Sources/MacSlimManager/Utilities/FileSizeFormatter.swift; sourceTree = "<group>"; };
		A10000000000000000000019 /* DashboardView.swift */ = {isa = PBXFileReference; lastKnownFileType = sourcecode.swift; path = Sources/MacSlimManager/Views/DashboardView.swift; sourceTree = "<group>"; };
		A10000000000000000000029 /* Assets.xcassets */ = {isa = PBXFileReference; lastKnownFileType = folder.assetcatalog; path = AppProject/Assets.xcassets; sourceTree = "<group>"; };
		A1000000000000000000002C /* AppState.swift */ = {isa = PBXFileReference; lastKnownFileType = sourcecode.swift; path = Sources/MacSlimManager/Services/AppState.swift; sourceTree = "<group>"; };
/* End PBXFileReference section */

/* Begin PBXFrameworksBuildPhase section */
		A1000000000000000000001A /* Frameworks */ = {
			isa = PBXFrameworksBuildPhase;
			buildActionMask = 2147483647;
			files = (
			);
			runOnlyForDeploymentPostprocessing = 0;
		};
/* End PBXFrameworksBuildPhase section */

/* Begin PBXGroup section */
		A1000000000000000000001B = {
			isa = PBXGroup;
			children = (
				A1000000000000000000001C /* MacSlimManager */,
				A1000000000000000000001D /* Products */,
			);
			sourceTree = "<group>";
		};
		A1000000000000000000001C /* MacSlimManager */ = {
			isa = PBXGroup;
			children = (
				A1000000000000000000000B /* Info.plist */,
				A1000000000000000000002A /* MacSlimManager.entitlements */,
				A10000000000000000000029 /* Assets.xcassets */,
				A10000000000000000000011 /* App.swift */,
					A10000000000000000000012 /* ScanModels.swift */,
					A1000000000000000000002C /* AppState.swift */,
					A10000000000000000000013 /* CleanerService.swift */,
				A10000000000000000000014 /* NotificationService.swift */,
				A10000000000000000000015 /* ScannerService.swift */,
				A10000000000000000000016 /* SettingsStore.swift */,
				A10000000000000000000017 /* DirectorySizer.swift */,
				A10000000000000000000018 /* FileSizeFormatter.swift */,
				A10000000000000000000019 /* DashboardView.swift */,
			);
			path = "";
			sourceTree = "<group>";
		};
		A1000000000000000000001D /* Products */ = {
			isa = PBXGroup;
			children = (
				A1000000000000000000000A /* MacSlimManager.app */,
			);
			name = Products;
			sourceTree = "<group>";
		};
/* End PBXGroup section */

/* Begin PBXNativeTarget section */
		A1000000000000000000001E /* MacSlimManager */ = {
			isa = PBXNativeTarget;
			buildConfigurationList = A1000000000000000000001F /* Build configuration list for PBXNativeTarget "MacSlimManager" */;
			buildPhases = (
				A10000000000000000000020 /* Sources */,
				A1000000000000000000001A /* Frameworks */,
				A10000000000000000000021 /* Resources */,
			);
			buildRules = (
			);
			dependencies = (
			);
			name = MacSlimManager;
			productName = MacSlimManager;
			productReference = A1000000000000000000000A /* MacSlimManager.app */;
			productType = "com.apple.product-type.application";
		};
/* End PBXNativeTarget section */

/* Begin PBXProject section */
		A10000000000000000000022 /* Project object */ = {
			isa = PBXProject;
			attributes = {
				BuildIndependentTargetsInParallel = 1;
				LastSwiftUpdateCheck = 2650;
				LastUpgradeCheck = 2650;
				TargetAttributes = {
					A1000000000000000000001E = {
						CreatedOnToolsVersion = 26.5;
					};
				};
			};
			buildConfigurationList = A10000000000000000000023 /* Build configuration list for PBXProject "MacSlimManager" */;
			developmentRegion = en;
			hasScannedForEncodings = 0;
			knownRegions = (
				en,
				Base,
			);
			mainGroup = A1000000000000000000001B;
			minimizedProjectReferenceProxies = 1;
			preferredProjectObjectVersion = 77;
			productRefGroup = A1000000000000000000001D /* Products */;
			projectDirPath = "";
			projectRoot = "";
			targets = (
				A1000000000000000000001E /* MacSlimManager */,
			);
		};
/* End PBXProject section */

/* Begin PBXResourcesBuildPhase section */
		A10000000000000000000021 /* Resources */ = {
			isa = PBXResourcesBuildPhase;
			buildActionMask = 2147483647;
			files = (
				A10000000000000000000028 /* Assets.xcassets in Resources */,
			);
			runOnlyForDeploymentPostprocessing = 0;
		};
/* End PBXResourcesBuildPhase section */

/* Begin PBXSourcesBuildPhase section */
		A10000000000000000000020 /* Sources */ = {
			isa = PBXSourcesBuildPhase;
			buildActionMask = 2147483647;
			files = (
				A10000000000000000000001 /* App.swift in Sources */,
				A10000000000000000000002 /* ScanModels.swift in Sources */,
				A10000000000000000000003 /* CleanerService.swift in Sources */,
				A10000000000000000000004 /* NotificationService.swift in Sources */,
				A10000000000000000000005 /* ScannerService.swift in Sources */,
				A10000000000000000000006 /* SettingsStore.swift in Sources */,
				A10000000000000000000007 /* DirectorySizer.swift in Sources */,
					A10000000000000000000008 /* FileSizeFormatter.swift in Sources */,
					A10000000000000000000009 /* DashboardView.swift in Sources */,
					A1000000000000000000002B /* AppState.swift in Sources */,
				);
			runOnlyForDeploymentPostprocessing = 0;
		};
/* End PBXSourcesBuildPhase section */

/* Begin XCBuildConfiguration section */
		A10000000000000000000024 /* Debug */ = {
			isa = XCBuildConfiguration;
			buildSettings = {
				ALWAYS_SEARCH_USER_PATHS = NO;
				CLANG_ANALYZER_NONNULL = YES;
				CLANG_ANALYZER_NUMBER_OBJECT_CONVERSION = YES_AGGRESSIVE;
				CLANG_CXX_LANGUAGE_STANDARD = "gnu++20";
				CLANG_ENABLE_MODULES = YES;
				CLANG_ENABLE_OBJC_ARC = YES;
				CLANG_ENABLE_OBJC_WEAK = YES;
				CLANG_WARN_BLOCK_CAPTURE_AUTORELEASING = YES;
				CLANG_WARN_BOOL_CONVERSION = YES;
				CLANG_WARN_COMMA = YES;
				CLANG_WARN_CONSTANT_CONVERSION = YES;
				CLANG_WARN_DEPRECATED_OBJC_IMPLEMENTATIONS = YES;
				CLANG_WARN_DIRECT_OBJC_ISA_USAGE = YES_ERROR;
				CLANG_WARN_DOCUMENTATION_COMMENTS = YES;
				CLANG_WARN_EMPTY_BODY = YES;
				CLANG_WARN_ENUM_CONVERSION = YES;
				CLANG_WARN_INFINITE_RECURSION = YES;
				CLANG_WARN_INT_CONVERSION = YES;
				CLANG_WARN_NON_LITERAL_NULL_CONVERSION = YES;
				CLANG_WARN_OBJC_IMPLICIT_RETAIN_SELF = YES;
				CLANG_WARN_OBJC_LITERAL_CONVERSION = YES;
				CLANG_WARN_OBJC_ROOT_CLASS = YES_ERROR;
				CLANG_WARN_QUOTED_INCLUDE_IN_FRAMEWORK_HEADER = YES;
				CLANG_WARN_RANGE_LOOP_ANALYSIS = YES;
				CLANG_WARN_STRICT_PROTOTYPES = YES;
				CLANG_WARN_SUSPICIOUS_MOVE = YES;
				CLANG_WARN_UNGUARDED_AVAILABILITY = YES_AGGRESSIVE;
				CLANG_WARN_UNREACHABLE_CODE = YES;
				CLANG_WARN__DUPLICATE_METHOD_MATCH = YES;
				COPY_PHASE_STRIP = NO;
				DEBUG_INFORMATION_FORMAT = dwarf;
				ENABLE_STRICT_OBJC_MSGSEND = YES;
				ENABLE_TESTABILITY = YES;
				ENABLE_USER_SCRIPT_SANDBOXING = YES;
				GCC_C_LANGUAGE_STANDARD = gnu17;
				GCC_DYNAMIC_NO_PIC = NO;
				GCC_NO_COMMON_BLOCKS = YES;
				GCC_OPTIMIZATION_LEVEL = 0;
				GCC_PREPROCESSOR_DEFINITIONS = (
					"DEBUG=1",
					"$(inherited)",
				);
				GCC_WARN_64_TO_32_BIT_CONVERSION = YES;
				GCC_WARN_ABOUT_RETURN_TYPE = YES_ERROR;
				GCC_WARN_UNDECLARED_SELECTOR = YES;
				GCC_WARN_UNINITIALIZED_AUTOS = YES_AGGRESSIVE;
				GCC_WARN_UNUSED_FUNCTION = YES;
				GCC_WARN_UNUSED_VARIABLE = YES;
				MACOSX_DEPLOYMENT_TARGET = 14.0;
				MTL_ENABLE_DEBUG_INFO = INCLUDE_SOURCE;
				MTL_FAST_MATH = YES;
				ONLY_ACTIVE_ARCH = YES;
				SDKROOT = macosx;
				SWIFT_ACTIVE_COMPILATION_CONDITIONS = DEBUG;
				SWIFT_OPTIMIZATION_LEVEL = "-Onone";
			};
			name = Debug;
		};
		A10000000000000000000025 /* Release */ = {
			isa = XCBuildConfiguration;
			buildSettings = {
				ALWAYS_SEARCH_USER_PATHS = NO;
				CLANG_ANALYZER_NONNULL = YES;
				CLANG_ANALYZER_NUMBER_OBJECT_CONVERSION = YES_AGGRESSIVE;
				CLANG_CXX_LANGUAGE_STANDARD = "gnu++20";
				CLANG_ENABLE_MODULES = YES;
				CLANG_ENABLE_OBJC_ARC = YES;
				CLANG_ENABLE_OBJC_WEAK = YES;
				CLANG_WARN_BLOCK_CAPTURE_AUTORELEASING = YES;
				CLANG_WARN_BOOL_CONVERSION = YES;
				CLANG_WARN_COMMA = YES;
				CLANG_WARN_CONSTANT_CONVERSION = YES;
				CLANG_WARN_DEPRECATED_OBJC_IMPLEMENTATIONS = YES;
				CLANG_WARN_DIRECT_OBJC_ISA_USAGE = YES_ERROR;
				CLANG_WARN_DOCUMENTATION_COMMENTS = YES;
				CLANG_WARN_EMPTY_BODY = YES;
				CLANG_WARN_ENUM_CONVERSION = YES;
				CLANG_WARN_INFINITE_RECURSION = YES;
				CLANG_WARN_INT_CONVERSION = YES;
				CLANG_WARN_NON_LITERAL_NULL_CONVERSION = YES;
				CLANG_WARN_OBJC_IMPLICIT_RETAIN_SELF = YES;
				CLANG_WARN_OBJC_LITERAL_CONVERSION = YES;
				CLANG_WARN_OBJC_ROOT_CLASS = YES_ERROR;
				CLANG_WARN_QUOTED_INCLUDE_IN_FRAMEWORK_HEADER = YES;
				CLANG_WARN_RANGE_LOOP_ANALYSIS = YES;
				CLANG_WARN_STRICT_PROTOTYPES = YES;
				CLANG_WARN_SUSPICIOUS_MOVE = YES;
				CLANG_WARN_UNGUARDED_AVAILABILITY = YES_AGGRESSIVE;
				CLANG_WARN_UNREACHABLE_CODE = YES;
				CLANG_WARN__DUPLICATE_METHOD_MATCH = YES;
				COPY_PHASE_STRIP = NO;
				DEBUG_INFORMATION_FORMAT = "dwarf-with-dsym";
				ENABLE_NS_ASSERTIONS = NO;
				ENABLE_STRICT_OBJC_MSGSEND = YES;
				ENABLE_USER_SCRIPT_SANDBOXING = YES;
				GCC_C_LANGUAGE_STANDARD = gnu17;
				GCC_NO_COMMON_BLOCKS = YES;
				GCC_WARN_64_TO_32_BIT_CONVERSION = YES;
				GCC_WARN_ABOUT_RETURN_TYPE = YES_ERROR;
				GCC_WARN_UNDECLARED_SELECTOR = YES;
				GCC_WARN_UNINITIALIZED_AUTOS = YES_AGGRESSIVE;
				GCC_WARN_UNUSED_FUNCTION = YES;
				GCC_WARN_UNUSED_VARIABLE = YES;
				MACOSX_DEPLOYMENT_TARGET = 14.0;
				MTL_ENABLE_DEBUG_INFO = NO;
				MTL_FAST_MATH = YES;
				SDKROOT = macosx;
				SWIFT_COMPILATION_MODE = wholemodule;
				SWIFT_OPTIMIZATION_LEVEL = "-O";
			};
			name = Release;
		};
		A10000000000000000000026 /* Debug */ = {
			isa = XCBuildConfiguration;
			buildSettings = {
				ASSETCATALOG_COMPILER_GLOBAL_ACCENT_COLOR_NAME = AccentColor;
				ASSETCATALOG_COMPILER_APPICON_NAME = AppIcon;
				CODE_SIGN_ENTITLEMENTS = AppProject/MacSlimManager.entitlements;
				CODE_SIGN_STYLE = Automatic;
				COMBINE_HIDPI_IMAGES = YES;
				CURRENT_PROJECT_VERSION = 1;
				DEVELOPMENT_ASSET_PATHS = "";
				DEVELOPMENT_TEAM = "";
				ENABLE_HARDENED_RUNTIME = YES;
				GENERATE_INFOPLIST_FILE = NO;
				INFOPLIST_FILE = AppProject/Info.plist;
				LD_RUNPATH_SEARCH_PATHS = (
					"$(inherited)",
					"@executable_path/../Frameworks",
				);
				MARKETING_VERSION = 0.1.0;
				PRODUCT_BUNDLE_IDENTIFIER = com.yangsen.MacSlimManager;
				PRODUCT_NAME = "$(TARGET_NAME)";
				SUPPORTED_PLATFORMS = macosx;
				SWIFT_EMIT_LOC_STRINGS = YES;
				SWIFT_VERSION = 6.0;
			};
			name = Debug;
		};
		A10000000000000000000027 /* Release */ = {
			isa = XCBuildConfiguration;
			buildSettings = {
				ASSETCATALOG_COMPILER_GLOBAL_ACCENT_COLOR_NAME = AccentColor;
				ASSETCATALOG_COMPILER_APPICON_NAME = AppIcon;
				CODE_SIGN_ENTITLEMENTS = AppProject/MacSlimManager.entitlements;
				CODE_SIGN_STYLE = Automatic;
				COMBINE_HIDPI_IMAGES = YES;
				CURRENT_PROJECT_VERSION = 1;
				DEVELOPMENT_ASSET_PATHS = "";
				DEVELOPMENT_TEAM = "";
				ENABLE_HARDENED_RUNTIME = YES;
				GENERATE_INFOPLIST_FILE = NO;
				INFOPLIST_FILE = AppProject/Info.plist;
				LD_RUNPATH_SEARCH_PATHS = (
					"$(inherited)",
					"@executable_path/../Frameworks",
				);
				MARKETING_VERSION = 0.1.0;
				PRODUCT_BUNDLE_IDENTIFIER = com.yangsen.MacSlimManager;
				PRODUCT_NAME = "$(TARGET_NAME)";
				SUPPORTED_PLATFORMS = macosx;
				SWIFT_EMIT_LOC_STRINGS = YES;
				SWIFT_VERSION = 6.0;
			};
			name = Release;
		};
/* End XCBuildConfiguration section */

/* Begin XCConfigurationList section */
		A10000000000000000000023 /* Build configuration list for PBXProject "MacSlimManager" */ = {
			isa = XCConfigurationList;
			buildConfigurations = (
				A10000000000000000000024 /* Debug */,
				A10000000000000000000025 /* Release */,
			);
			defaultConfigurationIsVisible = 0;
			defaultConfigurationName = Release;
		};
		A1000000000000000000001F /* Build configuration list for PBXNativeTarget "MacSlimManager" */ = {
			isa = XCConfigurationList;
			buildConfigurations = (
				A10000000000000000000026 /* Debug */,
				A10000000000000000000027 /* Release */,
			);
			defaultConfigurationIsVisible = 0;
			defaultConfigurationName = Release;
		};
/* End XCConfigurationList section */
	};
	rootObject = A10000000000000000000022 /* Project object */;
}
